
Microsoft Visual Studio Solution File, Format Version 12.00
# Visual Studio Version 16
VisualStudioVersion = 16.0.30907.101
MinimumVisualStudioVersion = 10.0.40219.1
Project("{9A19103F-16F7-4668-BE54-9A1E7A4F7556}") = "GW JPS", "GW JPS\GW JPS.csproj", "{9D4B4521-FCDC-4A1F-9D74-1D45C5DEC040}"
	ProjectSection(ProjectDependencies) = postProject
		{1BFE1A8C-AD48-4A27-B76D-DFB6CBBFF004} = {1BFE1A8C-AD48-4A27-B76D-DFB6CBBFF004}
	EndProjectSection
EndProject
Project("{9A19103F-16F7-4668-BE54-9A1E7A4F7556}") = "EC2_NBC", "EC2_NBC\EC2_NBC.csproj", "{1BFE1A8C-AD48-4A27-B76D-DFB6CBBFF004}"
EndProject
Project("{FAE04EC0-301F-11D3-BF4B-00C04F79EFBC}") = "WebApi", "WebApi\WebApi.csproj", "{F22BB971-9560-47EB-ACAC-F46E7E0BBC1E}"
EndProject
Project("{FAE04EC0-301F-11D3-BF4B-00C04F79EFBC}") = "NCB", "NCB\NCB.csproj", "{14997D14-2900-46EB-BEC1-A73267386D44}"
EndProject
Global
	GlobalSection(SolutionConfigurationPlatforms) = preSolution
		Debug|Any CPU = Debug|Any CPU
		Release|Any CPU = Release|Any CPU
	EndGlobalSection
	GlobalSection(ProjectConfigurationPlatforms) = postSolution
		{9D4B4521-FCDC-4A1F-9D74-1D45C5DEC040}.Debug|Any CPU.ActiveCfg = Debug|Any CPU
		{9D4B4521-FCDC-4A1F-9D74-1D45C5DEC040}.Debug|Any CPU.Build.0 = Debug|Any CPU
		{9D4B4521-FCDC-4A1F-9D74-1D45C5DEC040}.Release|Any CPU.ActiveCfg = Release|Any CPU
		{9D4B4521-FCDC-4A1F-9D74-1D45C5DEC040}.Release|Any CPU.Build.0 = Release|Any CPU
		{1BFE1A8C-AD48-4A27-B76D-DFB6CBBFF004}.Debug|Any CPU.ActiveCfg = Debug|Any CPU
		{1BFE1A8C-AD48-4A27-B76D-DFB6CBBFF004}.Debug|Any CPU.Build.0 = Debug|Any CPU
		{1BFE1A8C-AD48-4A27-B76D-DFB6CBBFF004}.Release|Any CPU.ActiveCfg = Release|Any CPU
		{1BFE1A8C-AD48-4A27-B76D-DFB6CBBFF004}.Release|Any CPU.Build.0 = Release|Any CPU
		{F22BB971-9560-47EB-ACAC-F46E7E0BBC1E}.Debug|Any CPU.ActiveCfg = Debug|Any CPU
		{F22BB971-9560-47EB-ACAC-F46E7E0BBC1E}.Debug|Any CPU.Build.0 = Debug|Any CPU
		{F22BB971-9560-47EB-ACAC-F46E7E0BBC1E}.Release|Any CPU.ActiveCfg = Release|Any CPU
		{F22BB971-9560-47EB-ACAC-F46E7E0BBC1E}.Release|Any CPU.Build.0 = Release|Any CPU
		{14997D14-2900-46EB-BEC1-A73267386D44}.Debug|Any CPU.ActiveCfg = Debug|Any CPU
		{14997D14-2900-46EB-BEC1-A73267386D44}.Debug|Any CPU.Build.0 = Debug|Any CPU
		{14997D14-2900-46EB-BEC1-A73267386D44}.Release|Any CPU.ActiveCfg = Release|Any CPU
		{14997D14-2900-46EB-BEC1-A73267386D44}.Release|Any CPU.Build.0 = Release|Any CPU
	EndGlobalSection
	GlobalSection(SolutionProperties) = preSolution
		HideSolutionNode = FALSE
	EndGlobalSection
	GlobalSection(ExtensibilityGlobals) = postSolution
		SolutionGuid = {49ECFEC8-E65A-42A5-AB35-85D6EE598DDB}
	EndGlobalSection
EndGlobal
